BOTWORK_TOOLS_VERSION_LOCK=0.0.2
BOTWORK_TOOLS_IMAGES_VERSION_LOCK=0.0.2
BOTWORK_TOOLS_SHA256_botwork_launcher=4414d6285b3c165f46693047266f335b275739b67a7ca15fe5d62735ab218c76
BOTWORK_TOOLS_SHA256_botwork_tools=e8fa808a69459a0402340363f16180ae33f72b8dfc051c96bdf0443ba3f84d57
BOTWORK_PACKER_TOOLS_IMAGES_VERSION_LOCK=0.1.1
BOTWORKZ_MCP_IMAGES_VERSION_LOCK=0.1.1
